// !$*UTF8*$!
{
	archiveVersion = 1;
	classes = {
	};
	objectVersion = 50;
	objects = {

/* Begin PBXBuildFile section */
		12DDF649EAD187FF40C385BB /* Pods_DemoTests.framework in Frameworks */ = {isa = PBXBuildFile; fileRef = 7821C1C7F7555F4E07756901 /* Pods_DemoTests.framework */; };
		18911BBC22CB4281007618B0 /* AppDelegate.swift in Sources */ = {isa = PBXBuildFile; fileRef = 18911BBB22CB4281007618B0 /* AppDelegate.swift */; };
		18911BBE22CB4281007618B0 /* ViewController.swift in Sources */ = {isa = PBXBuildFile; fileRef = 18911BBD22CB4281007618B0 /* ViewController.swift */; };
		18911BC122CB4281007618B0 /* Main.storyboard in Resources */ = {isa = PBXBuildFile; fileRef = 18911BBF22CB4281007618B0 /* Main.storyboard */; };
		18911BC622CB42A5007618B0 /* LaunchScreen.storyboard in Resources */ = {isa = PBXBuildFile; fileRef = 18911BC422CB42A5007618B0 /* LaunchScreen.storyboard */; };
		18911BD122CB42A5007618B0 /* DemoTests.swift in Sources */ = {isa = PBXBuildFile; fileRef = 18911BD022CB42A5007618B0 /* DemoTests.swift */; };
		18911BDC22CB42A5007618B0 /* DemoUITests.swift in Sources */ = {isa = PBXBuildFile; fileRef = 18911BDB22CB42A5007618B0 /* DemoUITests.swift */; };
		18911BF022CB465A007618B0 /* Url.swift in Sources */ = {isa = PBXBuildFile; fileRef = 18911BEF22CB465A007618B0 /* Url.swift */; };
		18911BF522CB4992007618B0 /* Image.swift in Sources */ = {isa = PBXBuildFile; fileRef = 18911BF422CB4992007618B0 /* Image.swift */; };
		18911BF722CB49A1007618B0 /* Color.swift in Sources */ = {isa = PBXBuildFile; fileRef = 18911BF622CB49A1007618B0 /* Color.swift */; };
		18911C0122CB4DC6007618B0 /* Home.swift in Sources */ = {isa = PBXBuildFile; fileRef = 18911C0022CB4DC6007618B0 /* Home.swift */; };
		18911C0722CB51DC007618B0 /* BaseNavigationController.swift in Sources */ = {isa = PBXBuildFile; fileRef = 18911C0622CB51DC007618B0 /* BaseNavigationController.swift */; };
		18911C0922CB51F6007618B0 /* BaseTabBarController.swift in Sources */ = {isa = PBXBuildFile; fileRef = 18911C0822CB51F6007618B0 /* BaseTabBarController.swift */; };
		18A3E3EF22F8112F0010E560 /* DefaultHttp.swift in Sources */ = {isa = PBXBuildFile; fileRef = 18A3E3EE22F8112F0010E560 /* DefaultHttp.swift */; };
		18A3E40622FBBF450010E560 /* TableViewController.swift in Sources */ = {isa = PBXBuildFile; fileRef = 18A3E40522FBBF450010E560 /* TableViewController.swift */; };
		18A3E40922FBBFBC0010E560 /* SetupCell.swift in Sources */ = {isa = PBXBuildFile; fileRef = 18A3E40822FBBFBC0010E560 /* SetupCell.swift */; };
		18A3E40C22FBC5210010E560 /* MenuCell.swift in Sources */ = {isa = PBXBuildFile; fileRef = 18A3E40B22FBC5210010E560 /* MenuCell.swift */; };
		18A3E40E22FBEDB20010E560 /* TuiJian.swift in Sources */ = {isa = PBXBuildFile; fileRef = 18A3E40D22FBEDB20010E560 /* TuiJian.swift */; };
		18A3E41022FBEDBB0010E560 /* WaiMai.swift in Sources */ = {isa = PBXBuildFile; fileRef = 18A3E40F22FBEDBB0010E560 /* WaiMai.swift */; };
		18A3E41222FBEDCC0010E560 /* Shopping.swift in Sources */ = {isa = PBXBuildFile; fileRef = 18A3E41122FBEDCC0010E560 /* Shopping.swift */; };
		18A3E41422FBEE050010E560 /* JiaoTong.swift in Sources */ = {isa = PBXBuildFile; fileRef = 18A3E41322FBEE050010E560 /* JiaoTong.swift */; };
		18A3E41622FBEE0D0010E560 /* Hotel.swift in Sources */ = {isa = PBXBuildFile; fileRef = 18A3E41522FBEE0D0010E560 /* Hotel.swift */; };
		18A3E41822FBEE2B0010E560 /* Tools.swift in Sources */ = {isa = PBXBuildFile; fileRef = 18A3E41722FBEE2B0010E560 /* Tools.swift */; };
		18A3E41B22FBF0770010E560 /* DataContent.swift in Sources */ = {isa = PBXBuildFile; fileRef = 18A3E41A22FBF0770010E560 /* DataContent.swift */; };
		18C5FE7C22CF4483003C7EEA /* Configuration.swift in Sources */ = {isa = PBXBuildFile; fileRef = 18C5FE7B22CF4483003C7EEA /* Configuration.swift */; };
		457E365523097C3700D14847 /* Assets.xcassets in Resources */ = {isa = PBXBuildFile; fileRef = 457E365423097C3700D14847 /* Assets.xcassets */; };
		457E3658230ECBE300D14847 /* Alert.swift in Sources */ = {isa = PBXBuildFile; fileRef = 457E3657230ECBE300D14847 /* Alert.swift */; };
		458F053922D6163300271BB4 /* POST.swift in Sources */ = {isa = PBXBuildFile; fileRef = 458F053822D6163300271BB4 /* POST.swift */; };
		45985A7222ED49C700FB19F4 /* CollectionViewController.swift in Sources */ = {isa = PBXBuildFile; fileRef = 45985A7122ED49C700FB19F4 /* CollectionViewController.swift */; };
		45985A7622ED49ED00FB19F4 /* CollectionView.swift in Sources */ = {isa = PBXBuildFile; fileRef = 45985A7522ED49ED00FB19F4 /* CollectionView.swift */; };
		45985A7822ED4A2400FB19F4 /* Cells.swift in Sources */ = {isa = PBXBuildFile; fileRef = 45985A7722ED4A2400FB19F4 /* Cells.swift */; };
		45985A7A22ED50BF00FB19F4 /* TabViewController.swift in Sources */ = {isa = PBXBuildFile; fileRef = 45985A7922ED50BF00FB19F4 /* TabViewController.swift */; };
		45985A7D22ED51C200FB19F4 /* TabHeaderCell.swift in Sources */ = {isa = PBXBuildFile; fileRef = 45985A7C22ED51C200FB19F4 /* TabHeaderCell.swift */; };
		45985A7F22ED51D200FB19F4 /* TabContentCell.swift in Sources */ = {isa = PBXBuildFile; fileRef = 45985A7E22ED51D200FB19F4 /* TabContentCell.swift */; };
		45985A8122ED885E00FB19F4 /* Menu.swift in Sources */ = {isa = PBXBuildFile; fileRef = 45985A8022ED885E00FB19F4 /* Menu.swift */; };
		45985A8322ED894F00FB19F4 /* MenuData.swift in Sources */ = {isa = PBXBuildFile; fileRef = 45985A8222ED894F00FB19F4 /* MenuData.swift */; };
		B617D314845B89B19697980D /* Pods_Demo.framework in Frameworks */ = {isa = PBXBuildFile; fileRef = 42FFFBDD17AFD3F17E4B29D5 /* Pods_Demo.framework */; };
		D44991443EF71FB9075AD326 /* Pods_DemoUITests.framework in Frameworks */ = {isa = PBXBuildFile; fileRef = CFB92A2976401FA38EB89D96 /* Pods_DemoUITests.framework */; };
/* End PBXBuildFile section */

/* Begin PBXContainerItemProxy section */
		18911BCD22CB42A5007618B0 /* PBXContainerItemProxy */ = {
			isa = PBXContainerItemProxy;
			containerPortal = 18911BB022CB4281007618B0 /* Project object */;
			proxyType = 1;
			remoteGlobalIDString = 18911BB722CB4281007618B0;
			remoteInfo = Demo;
		};
		18911BD822CB42A5007618B0 /* PBXContainerItemProxy */ = {
			isa = PBXContainerItemProxy;
			containerPortal = 18911BB022CB4281007618B0 /* Project object */;
			proxyType = 1;
			remoteGlobalIDString = 18911BB722CB4281007618B0;
			remoteInfo = Demo;
		};
/* End PBXContainerItemProxy section */

/* Begin PBXFileReference section */
		18911BB822CB4281007618B0 /* Demo.app */ = {isa = PBXFileReference; explicitFileType = wrapper.application; includeInIndex = 0; path = Demo.app; sourceTree = BUILT_PRODUCTS_DIR; };
		18911BBB22CB4281007618B0 /* AppDelegate.swift */ = {isa = PBXFileReference; lastKnownFileType = sourcecode.swift; path = AppDelegate.swift; sourceTree = "<group>"; };
		18911BBD22CB4281007618B0 /* ViewController.swift */ = {isa = PBXFileReference; lastKnownFileType = sourcecode.swift; path = ViewController.swift; sourceTree = "<group>"; };
		18911BC022CB4281007618B0 /* Base */ = {isa = PBXFileReference; lastKnownFileType = file.storyboard; name = Base; path = Base.lproj/Main.storyboard; sourceTree = "<group>"; };
		18911BC522CB42A5007618B0 /* Base */ = {isa = PBXFileReference; lastKnownFileType = file.storyboard; name = Base; path = Base.lproj/LaunchScreen.storyboard; sourceTree = "<group>"; };
		18911BC722CB42A5007618B0 /* Info.plist */ = {isa = PBXFileReference; lastKnownFileType = text.plist.xml; path = Info.plist; sourceTree = "<group>"; };
		18911BCC22CB42A5007618B0 /* DemoTests.xctest */ = {isa = PBXFileReference; explicitFileType = wrapper.cfbundle; includeInIndex = 0; path = DemoTests.xctest; sourceTree = BUILT_PRODUCTS_DIR; };
		18911BD022CB42A5007618B0 /* DemoTests.swift */ = {isa = PBXFileReference; lastKnownFileType = sourcecode.swift; path = DemoTests.swift; sourceTree = "<group>"; };
		18911BD222CB42A5007618B0 /* Info.plist */ = {isa = PBXFileReference; lastKnownFileType = text.plist.xml; path = Info.plist; sourceTree = "<group>"; };
		18911BD722CB42A5007618B0 /* DemoUITests.xctest */ = {isa = PBXFileReference; explicitFileType = wrapper.cfbundle; includeInIndex = 0; path = DemoUITests.xctest; sourceTree = BUILT_PRODUCTS_DIR; };
		18911BDB22CB42A5007618B0 /* DemoUITests.swift */ = {isa = PBXFileReference; lastKnownFileType = sourcecode.swift; path = DemoUITests.swift; sourceTree = "<group>"; };
		18911BDD22CB42A5007618B0 /* Info.plist */ = {isa = PBXFileReference; lastKnownFileType = text.plist.xml; path = Info.plist; sourceTree = "<group>"; };
		18911BEF22CB465A007618B0 /* Url.swift */ = {isa = PBXFileReference; lastKnownFileType = sourcecode.swift; path = Url.swift; sourceTree = "<group>"; };
		18911BF422CB4992007618B0 /* Image.swift */ = {isa = PBXFileReference; lastKnownFileType = sourcecode.swift; path = Image.swift; sourceTree = "<group>"; };
		18911BF622CB49A1007618B0 /* Color.swift */ = {isa = PBXFileReference; lastKnownFileType = sourcecode.swift; path = Color.swift; sourceTree = "<group>"; };
		18911C0022CB4DC6007618B0 /* Home.swift */ = {isa = PBXFileReference; lastKnownFileType = sourcecode.swift; name = Home.swift; path = Home/Home.swift; sourceTree = "<group>"; };
		18911C0622CB51DC007618B0 /* BaseNavigationController.swift */ = {isa = PBXFileReference; lastKnownFileType = sourcecode.swift; path = BaseNavigationController.swift; sourceTree = "<group>"; };
		18911C0822CB51F6007618B0 /* BaseTabBarController.swift */ = {isa = PBXFileReference; lastKnownFileType = sourcecode.swift; path = BaseTabBarController.swift; sourceTree = "<group>"; };
		18A3E3EE22F8112F0010E560 /* DefaultHttp.swift */ = {isa = PBXFileReference; lastKnownFileType = sourcecode.swift; path = DefaultHttp.swift; sourceTree = "<group>"; };
		18A3E40522FBBF450010E560 /* TableViewController.swift */ = {isa = PBXFileReference; lastKnownFileType = sourcecode.swift; path = TableViewController.swift; sourceTree = "<group>"; };
		18A3E40822FBBFBC0010E560 /* SetupCell.swift */ = {isa = PBXFileReference; lastKnownFileType = sourcecode.swift; path = SetupCell.swift; sourceTree = "<group>"; };
		18A3E40B22FBC5210010E560 /* MenuCell.swift */ = {isa = PBXFileReference; lastKnownFileType = sourcecode.swift; path = MenuCell.swift; sourceTree = "<group>"; };
		18A3E40D22FBEDB20010E560 /* TuiJian.swift */ = {isa = PBXFileReference; lastKnownFileType = sourcecode.swift; path = TuiJian.swift; sourceTree = "<group>"; };
		18A3E40F22FBEDBB0010E560 /* WaiMai.swift */ = {isa = PBXFileReference; lastKnownFileType = sourcecode.swift; path = WaiMai.swift; sourceTree = "<group>"; };
		18A3E41122FBEDCC0010E560 /* Shopping.swift */ = {isa = PBXFileReference; lastKnownFileType = sourcecode.swift; path = Shopping.swift; sourceTree = "<group>"; };
		18A3E41322FBEE050010E560 /* JiaoTong.swift */ = {isa = PBXFileReference; lastKnownFileType = sourcecode.swift; path = JiaoTong.swift; sourceTree = "<group>"; };
		18A3E41522FBEE0D0010E560 /* Hotel.swift */ = {isa = PBXFileReference; lastKnownFileType = sourcecode.swift; path = Hotel.swift; sourceTree = "<group>"; };
		18A3E41722FBEE2B0010E560 /* Tools.swift */ = {isa = PBXFileReference; lastKnownFileType = sourcecode.swift; path = Tools.swift; sourceTree = "<group>"; };
		18A3E41A22FBF0770010E560 /* DataContent.swift */ = {isa = PBXFileReference; lastKnownFileType = sourcecode.swift; path = DataContent.swift; sourceTree = "<group>"; };
		18C5FE7B22CF4483003C7EEA /* Configuration.swift */ = {isa = PBXFileReference; lastKnownFileType = sourcecode.swift; path = Configuration.swift; sourceTree = "<group>"; };
		42A35589383EFA4495DF6002 /* Pods-DemoTests.release.xcconfig */ = {isa = PBXFileReference; includeInIndex = 1; lastKnownFileType = text.xcconfig; name = "Pods-DemoTests.release.xcconfig"; path = "Target Support Files/Pods-DemoTests/Pods-DemoTests.release.xcconfig"; sourceTree = "<group>"; };
		42FFFBDD17AFD3F17E4B29D5 /* Pods_Demo.framework */ = {isa = PBXFileReference; explicitFileType = wrapper.framework; includeInIndex = 0; path = Pods_Demo.framework; sourceTree = BUILT_PRODUCTS_DIR; };
		457E365423097C3700D14847 /* Assets.xcassets */ = {isa = PBXFileReference; lastKnownFileType = folder.assetcatalog; path = Assets.xcassets; sourceTree = "<group>"; };
		457E3657230ECBE300D14847 /* Alert.swift */ = {isa = PBXFileReference; lastKnownFileType = sourcecode.swift; path = Alert.swift; sourceTree = "<group>"; };
		458F053822D6163300271BB4 /* POST.swift */ = {isa = PBXFileReference; lastKnownFileType = sourcecode.swift; path = POST.swift; sourceTree = "<group>"; };
		45985A7122ED49C700FB19F4 /* CollectionViewController.swift */ = {isa = PBXFileReference; lastKnownFileType = sourcecode.swift; path = CollectionViewController.swift; sourceTree = "<group>"; };
		45985A7522ED49ED00FB19F4 /* CollectionView.swift */ = {isa = PBXFileReference; lastKnownFileType = sourcecode.swift; path = CollectionView.swift; sourceTree = "<group>"; };
		45985A7722ED4A2400FB19F4 /* Cells.swift */ = {isa = PBXFileReference; lastKnownFileType = sourcecode.swift; path = Cells.swift; sourceTree = "<group>"; };
		45985A7922ED50BF00FB19F4 /* TabViewController.swift */ = {isa = PBXFileReference; lastKnownFileType = sourcecode.swift; path = TabViewController.swift; sourceTree = "<group>"; };
		45985A7C22ED51C200FB19F4 /* TabHeaderCell.swift */ = {isa = PBXFileReference; lastKnownFileType = sourcecode.swift; path = TabHeaderCell.swift; sourceTree = "<group>"; };
		45985A7E22ED51D200FB19F4 /* TabContentCell.swift */ = {isa = PBXFileReference; lastKnownFileType = sourcecode.swift; path = TabContentCell.swift; sourceTree = "<group>"; };
		45985A8022ED885E00FB19F4 /* Menu.swift */ = {isa = PBXFileReference; lastKnownFileType = sourcecode.swift; path = Menu.swift; sourceTree = "<group>"; };
		45985A8222ED894F00FB19F4 /* MenuData.swift */ = {isa = PBXFileReference; lastKnownFileType = sourcecode.swift; path = MenuData.swift; sourceTree = "<group>"; };
		5A111DE660BB3C699F05D563 /* Pods-Demo.release.xcconfig */ = {isa = PBXFileReference; includeInIndex = 1; lastKnownFileType = text.xcconfig; name = "Pods-Demo.release.xcconfig"; path = "Target Support Files/Pods-Demo/Pods-Demo.release.xcconfig"; sourceTree = "<group>"; };
		6B3527A4D3CA321520E453EF /* Pods-DemoUITests.release.xcconfig */ = {isa = PBXFileReference; includeInIndex = 1; lastKnownFileType = text.xcconfig; name = "Pods-DemoUITests.release.xcconfig"; path = "Target Support Files/Pods-DemoUITests/Pods-DemoUITests.release.xcconfig"; sourceTree = "<group>"; };
		7821C1C7F7555F4E07756901 /* Pods_DemoTests.framework */ = {isa = PBXFileReference; explicitFileType = wrapper.framework; includeInIndex = 0; path = Pods_DemoTests.framework; sourceTree = BUILT_PRODUCTS_DIR; };
		A3D71031928BA58940D096C6 /* Pods-DemoTests.debug.xcconfig */ = {isa = PBXFileReference; includeInIndex = 1; lastKnownFileType = text.xcconfig; name = "Pods-DemoTests.debug.xcconfig"; path = "Target Support Files/Pods-DemoTests/Pods-DemoTests.debug.xcconfig"; sourceTree = "<group>"; };
		A51D0805D8D68588106065A5 /* Pods-Demo.debug.xcconfig */ = {isa = PBXFileReference; includeInIndex = 1; lastKnownFileType = text.xcconfig; name = "Pods-Demo.debug.xcconfig"; path = "Target Support Files/Pods-Demo/Pods-Demo.debug.xcconfig"; sourceTree = "<group>"; };
		CBAF9E6E541537DCCE252C69 /* Pods-DemoUITests.debug.xcconfig */ = {isa = PBXFileReference; includeInIndex = 1; lastKnownFileType = text.xcconfig; name = "Pods-DemoUITests.debug.xcconfig"; path = "Target Support Files/Pods-DemoUITests/Pods-DemoUITests.debug.xcconfig"; sourceTree = "<group>"; };
		CFB92A2976401FA38EB89D96 /* Pods_DemoUITests.framework */ = {isa = PBXFileReference; explicitFileType = wrapper.framework; includeInIndex = 0; path = Pods_DemoUITests.framework; sourceTree = BUILT_PRODUCTS_DIR; };
/* End PBXFileReference section */

/* Begin PBXFrameworksBuildPhase section */
		18911BB522CB4281007618B0 /* Frameworks */ = {
			isa = PBXFrameworksBuildPhase;
			buildActionMask = 2147483647;
			files = (
				B617D314845B89B19697980D /* Pods_Demo.framework in Frameworks */,
			);
			runOnlyForDeploymentPostprocessing = 0;
		};
		18911BC922CB42A5007618B0 /* Frameworks */ = {
			isa = PBXFrameworksBuildPhase;
			buildActionMask = 2147483647;
			files = (
				12DDF649EAD187FF40C385BB /* Pods_DemoTests.framework in Frameworks */,
			);
			runOnlyForDeploymentPostprocessing = 0;
		};
		18911BD422CB42A5007618B0 /* Frameworks */ = {
			isa = PBXFrameworksBuildPhase;
			buildActionMask = 2147483647;
			files = (
				D44991443EF71FB9075AD326 /* Pods_DemoUITests.framework in Frameworks */,
			);
			runOnlyForDeploymentPostprocessing = 0;
		};
/* End PBXFrameworksBuildPhase section */

/* Begin PBXGroup section */
		18911BAF22CB4281007618B0 = {
			isa = PBXGroup;
			children = (
				18911BBA22CB4281007618B0 /* Demo */,
				18911BCF22CB42A5007618B0 /* DemoTests */,
				18911BDA22CB42A5007618B0 /* DemoUITests */,
				18911BB922CB4281007618B0 /* Products */,
				7C9D56787A5247565F51885D /* Pods */,
				541B328BABE8FA40933D1E55 /* Frameworks */,
			);
			sourceTree = "<group>";
		};
		18911BB922CB4281007618B0 /* Products */ = {
			isa = PBXGroup;
			children = (
				18911BB822CB4281007618B0 /* Demo.app */,
				18911BCC22CB42A5007618B0 /* DemoTests.xctest */,
				18911BD722CB42A5007618B0 /* DemoUITests.xctest */,
			);
			name = Products;
			sourceTree = "<group>";
		};
		18911BBA22CB4281007618B0 /* Demo */ = {
			isa = PBXGroup;
			children = (
				18911BBB22CB4281007618B0 /* AppDelegate.swift */,
				18911BBD22CB4281007618B0 /* ViewController.swift */,
				18911BED22CB450C007618B0 /* Resources */,
				18C5FE7A22CF4414003C7EEA /* Configuration */,
				18911BE922CB44FD007618B0 /* Other */,
				18911BEE22CB450F007618B0 /* Url */,
				18911BEC22CB4509007618B0 /* Models */,
				18911BEB22CB4505007618B0 /* Views */,
				18911BEA22CB4502007618B0 /* ViewControllers */,
				18911BBF22CB4281007618B0 /* Main.storyboard */,
				18911BC422CB42A5007618B0 /* LaunchScreen.storyboard */,
				457E365423097C3700D14847 /* Assets.xcassets */,
				18911BC722CB42A5007618B0 /* Info.plist */,
			);
			path = Demo;
			sourceTree = "<group>";
		};
		18911BCF22CB42A5007618B0 /* DemoTests */ = {
			isa = PBXGroup;
			children = (
				18911BD022CB42A5007618B0 /* DemoTests.swift */,
				18911BD222CB42A5007618B0 /* Info.plist */,
			);
			path = DemoTests;
			sourceTree = "<group>";
		};
		18911BDA22CB42A5007618B0 /* DemoUITests */ = {
			isa = PBXGroup;
			children = (
				18911BDB22CB42A5007618B0 /* DemoUITests.swift */,
				18911BDD22CB42A5007618B0 /* Info.plist */,
			);
			path = DemoUITests;
			sourceTree = "<group>";
		};
		18911BE922CB44FD007618B0 /* Other */ = {
			isa = PBXGroup;
			children = (
				458F053822D6163300271BB4 /* POST.swift */,
				18911C0622CB51DC007618B0 /* BaseNavigationController.swift */,
				18911C0822CB51F6007618B0 /* BaseTabBarController.swift */,
				45985A7722ED4A2400FB19F4 /* Cells.swift */,
			);
			path = Other;
			sourceTree = "<group>";
		};
		18911BEA22CB4502007618B0 /* ViewControllers */ = {
			isa = PBXGroup;
			children = (
				457E3656230ECAE700D14847 /* Alert */,
				45985A7122ED49C700FB19F4 /* CollectionViewController.swift */,
				45985A7522ED49ED00FB19F4 /* CollectionView.swift */,
				45985A7922ED50BF00FB19F4 /* TabViewController.swift */,
				18A3E40522FBBF450010E560 /* TableViewController.swift */,
			);
			name = ViewControllers;
			sourceTree = "<group>";
		};
		18911BEB22CB4505007618B0 /* Views */ = {
			isa = PBXGroup;
			children = (
				18A3E40A22FBC4F50010E560 /* home */,
				18A3E40722FBBFA80010E560 /* setup */,
				45985A7B22ED519E00FB19F4 /* tabCell */,
			);
			path = Views;
			sourceTree = "<group>";
		};
		18911BEC22CB4509007618B0 /* Models */ = {
			isa = PBXGroup;
			children = (
				45985A8022ED885E00FB19F4 /* Menu.swift */,
				45985A8222ED894F00FB19F4 /* MenuData.swift */,
				18A3E40D22FBEDB20010E560 /* TuiJian.swift */,
				18A3E40F22FBEDBB0010E560 /* WaiMai.swift */,
				18A3E41122FBEDCC0010E560 /* Shopping.swift */,
				18A3E41322FBEE050010E560 /* JiaoTong.swift */,
				18A3E41522FBEE0D0010E560 /* Hotel.swift */,
				18A3E41722FBEE2B0010E560 /* Tools.swift */,
				18911C0022CB4DC6007618B0 /* Home.swift */,
			);
			path = Models;
			sourceTree = "<group>";
		};
		18911BED22CB450C007618B0 /* Resources */ = {
			isa = PBXGroup;
			children = (
				18911BF422CB4992007618B0 /* Image.swift */,
				18911BF622CB49A1007618B0 /* Color.swift */,
				18A3E41922FBEFC00010E560 /* DataContent */,
			);
			path = Resources;
			sourceTree = "<group>";
		};
		18911BEE22CB450F007618B0 /* Url */ = {
			isa = PBXGroup;
			children = (
				18911BEF22CB465A007618B0 /* Url.swift */,
				458F059322D7672300271BB4 /* https */,
			);
			path = Url;
			sourceTree = "<group>";
		};
		18A3E40722FBBFA80010E560 /* setup */ = {
			isa = PBXGroup;
			children = (
				18A3E40822FBBFBC0010E560 /* SetupCell.swift */,
			);
			path = setup;
			sourceTree = "<group>";
		};
		18A3E40A22FBC4F50010E560 /* home */ = {
			isa = PBXGroup;
			children = (
				18A3E40B22FBC5210010E560 /* MenuCell.swift */,
			);
			path = home;
			sourceTree = "<group>";
		};
		18A3E41922FBEFC00010E560 /* DataContent */ = {
			isa = PBXGroup;
			children = (
				18A3E41A22FBF0770010E560 /* DataContent.swift */,
			);
			path = DataContent;
			sourceTree = "<group>";
		};
		18C5FE7A22CF4414003C7EEA /* Configuration */ = {
			isa = PBXGroup;
			children = (
				18C5FE7B22CF4483003C7EEA /* Configuration.swift */,
			);
			path = Configuration;
			sourceTree = "<group>";
		};
		457E3656230ECAE700D14847 /* Alert */ = {
			isa = PBXGroup;
			children = (
				457E3657230ECBE300D14847 /* Alert.swift */,
			);
			name = Alert;
			sourceTree = "<group>";
		};
		458F059322D7672300271BB4 /* https */ = {
			isa = PBXGroup;
			children = (
				18A3E3EE22F8112F0010E560 /* DefaultHttp.swift */,
			);
			path = https;
			sourceTree = "<group>";
		};
		45985A7B22ED519E00FB19F4 /* tabCell */ = {
			isa = PBXGroup;
			children = (
				45985A7C22ED51C200FB19F4 /* TabHeaderCell.swift */,
				45985A7E22ED51D200FB19F4 /* TabContentCell.swift */,
			);
			path = tabCell;
			sourceTree = "<group>";
		};
		541B328BABE8FA40933D1E55 /* Frameworks */ = {
			isa = PBXGroup;
			children = (
				42FFFBDD17AFD3F17E4B29D5 /* Pods_Demo.framework */,
				7821C1C7F7555F4E07756901 /* Pods_DemoTests.framework */,
				CFB92A2976401FA38EB89D96 /* Pods_DemoUITests.framework */,
			);
			name = Frameworks;
			sourceTree = "<group>";
		};
		7C9D56787A5247565F51885D /* Pods */ = {
			isa = PBXGroup;
			children = (
				A51D0805D8D68588106065A5 /* Pods-Demo.debug.xcconfig */,
				5A111DE660BB3C699F05D563 /* Pods-Demo.release.xcconfig */,
				A3D71031928BA58940D096C6 /* Pods-DemoTests.debug.xcconfig */,
				42A35589383EFA4495DF6002 /* Pods-DemoTests.release.xcconfig */,
				CBAF9E6E541537DCCE252C69 /* Pods-DemoUITests.debug.xcconfig */,
				6B3527A4D3CA321520E453EF /* Pods-DemoUITests.release.xcconfig */,
			);
			path = Pods;
			sourceTree = "<group>";
		};
/* End PBXGroup section */

/* Begin PBXNativeTarget section */
		18911BB722CB4281007618B0 /* Demo */ = {
			isa = PBXNativeTarget;
			buildConfigurationList = 18911BE022CB42A5007618B0 /* Build configuration list for PBXNativeTarget "Demo" */;
			buildPhases = (
				227EDF745A72645A13102FEA /* [CP] Check Pods Manifest.lock */,
				18911BB422CB4281007618B0 /* Sources */,
				18911BB522CB4281007618B0 /* Frameworks */,
				18911BB622CB4281007618B0 /* Resources */,
				F2B0482E80879D37ADC5EC01 /* [CP] Embed Pods Frameworks */,
			);
			buildRules = (
			);
			dependencies = (
			);
			name = Demo;
			productName = Demo;
			productReference = 18911BB822CB4281007618B0 /* Demo.app */;
			productType = "com.apple.product-type.application";
		};
		18911BCB22CB42A5007618B0 /* DemoTests */ = {
			isa = PBXNativeTarget;
			buildConfigurationList = 18911BE322CB42A5007618B0 /* Build configuration list for PBXNativeTarget "DemoTests" */;
			buildPhases = (
				8C9D6E1EC06E7F9507767810 /* [CP] Check Pods Manifest.lock */,
				18911BC822CB42A5007618B0 /* Sources */,
				18911BC922CB42A5007618B0 /* Frameworks */,
				18911BCA22CB42A5007618B0 /* Resources */,
			);
			buildRules = (
			);
			dependencies = (
				18911BCE22CB42A5007618B0 /* PBXTargetDependency */,
			);
			name = DemoTests;
			productName = DemoTests;
			productReference = 18911BCC22CB42A5007618B0 /* DemoTests.xctest */;
			productType = "com.apple.product-type.bundle.unit-test";
		};
		18911BD622CB42A5007618B0 /* DemoUITests */ = {
			isa = PBXNativeTarget;
			buildConfigurationList = 18911BE622CB42A5007618B0 /* Build configuration list for PBXNativeTarget "DemoUITests" */;
			buildPhases = (
				56E0A9FC655AE8D0E90A91D1 /* [CP] Check Pods Manifest.lock */,
				18911BD322CB42A5007618B0 /* Sources */,
				18911BD422CB42A5007618B0 /* Frameworks */,
				18911BD522CB42A5007618B0 /* Resources */,
			);
			buildRules = (
			);
			dependencies = (
				18911BD922CB42A5007618B0 /* PBXTargetDependency */,
			);
			name = DemoUITests;
			productName = DemoUITests;
			productReference = 18911BD722CB42A5007618B0 /* DemoUITests.xctest */;
			productType = "com.apple.product-type.bundle.ui-testing";
		};
/* End PBXNativeTarget section */

/* Begin PBXProject section */
		18911BB022CB4281007618B0 /* Project object */ = {
			isa = PBXProject;
			attributes = {
				LastSwiftUpdateCheck = 1010;
				LastUpgradeCheck = 1010;
				ORGANIZATIONNAME = test;
				TargetAttributes = {
					18911BB722CB4281007618B0 = {
						CreatedOnToolsVersion = 10.1;
					};
					18911BCB22CB42A5007618B0 = {
						CreatedOnToolsVersion = 10.1;
						TestTargetID = 18911BB722CB4281007618B0;
					};
					18911BD622CB42A5007618B0 = {
						CreatedOnToolsVersion = 10.1;
						TestTargetID = 18911BB722CB4281007618B0;
					};
				};
			};
			buildConfigurationList = 18911BB322CB4281007618B0 /* Build configuration list for PBXProject "Demo" */;
			compatibilityVersion = "Xcode 9.3";
			developmentRegion = en;
			hasScannedForEncodings = 0;
			knownRegions = (
				en,
				Base,
			);
			mainGroup = 18911BAF22CB4281007618B0;
			productRefGroup = 18911BB922CB4281007618B0 /* Products */;
			projectDirPath = "";
			projectRoot = "";
			targets = (
				18911BB722CB4281007618B0 /* Demo */,
				18911BCB22CB42A5007618B0 /* DemoTests */,
				18911BD622CB42A5007618B0 /* DemoUITests */,
			);
		};
/* End PBXProject section */

/* Begin PBXResourcesBuildPhase section */
		18911BB622CB4281007618B0 /* Resources */ = {
			isa = PBXResourcesBuildPhase;
			buildActionMask = 2147483647;
			files = (
				18911BC622CB42A5007618B0 /* LaunchScreen.storyboard in Resources */,
				457E365523097C3700D14847 /* Assets.xcassets in Resources */,
				18911BC122CB4281007618B0 /* Main.storyboard in Resources */,
			);
			runOnlyForDeploymentPostprocessing = 0;
		};
		18911BCA22CB42A5007618B0 /* Resources */ = {
			isa = PBXResourcesBuildPhase;
			buildActionMask = 2147483647;
			files = (
			);
			runOnlyForDeploymentPostprocessing = 0;
		};
		18911BD522CB42A5007618B0 /* Resources */ = {
			isa = PBXResourcesBuildPhase;
			buildActionMask = 2147483647;
			files = (
			);
			runOnlyForDeploymentPostprocessing = 0;
		};
/* End PBXResourcesBuildPhase section */

/* Begin PBXShellScriptBuildPhase section */
		227EDF745A72645A13102FEA /* [CP] Check Pods Manifest.lock */ = {
			isa = PBXShellScriptBuildPhase;
			buildActionMask = 2147483647;
			files = (
			);
			inputFileListPaths = (
			);
			inputPaths = (
				"${PODS_PODFILE_DIR_PATH}/Podfile.lock",
				"${PODS_ROOT}/Manifest.lock",
			);
			name = "[CP] Check Pods Manifest.lock";
			outputFileListPaths = (
			);
			outputPaths = (
				"$(DERIVED_FILE_DIR)/Pods-Demo-checkManifestLockResult.txt",
			);
			runOnlyForDeploymentPostprocessing = 0;
			shellPath = /bin/sh;
			shellScript = "diff \"${PODS_PODFILE_DIR_PATH}/Podfile.lock\" \"${PODS_ROOT}/Manifest.lock\" > /dev/null\nif [ $? != 0 ] ; then\n    # print error to STDERR\n    echo \"error: The sandbox is not in sync with the Podfile.lock. Run 'pod install' or update your CocoaPods installation.\" >&2\n    exit 1\nfi\n# This output is used by Xcode 'outputs' to avoid re-running this script phase.\necho \"SUCCESS\" > \"${SCRIPT_OUTPUT_FILE_0}\"\n";
			showEnvVarsInLog = 0;
		};
		56E0A9FC655AE8D0E90A91D1 /* [CP] Check Pods Manifest.lock */ = {
			isa = PBXShellScriptBuildPhase;
			buildActionMask = 2147483647;
			files = (
			);
			inputFileListPaths = (
			);
			inputPaths = (
				"${PODS_PODFILE_DIR_PATH}/Podfile.lock",
				"${PODS_ROOT}/Manifest.lock",
			);
			name = "[CP] Check Pods Manifest.lock";
			outputFileListPaths = (
			);
			outputPaths = (
				"$(DERIVED_FILE_DIR)/Pods-DemoUITests-checkManifestLockResult.txt",
			);
			runOnlyForDeploymentPostprocessing = 0;
			shellPath = /bin/sh;
			shellScript = "diff \"${PODS_PODFILE_DIR_PATH}/Podfile.lock\" \"${PODS_ROOT}/Manifest.lock\" > /dev/null\nif [ $? != 0 ] ; then\n    # print error to STDERR\n    echo \"error: The sandbox is not in sync with the Podfile.lock. Run 'pod install' or update your CocoaPods installation.\" >&2\n    exit 1\nfi\n# This output is used by Xcode 'outputs' to avoid re-running this script phase.\necho \"SUCCESS\" > \"${SCRIPT_OUTPUT_FILE_0}\"\n";
			showEnvVarsInLog = 0;
		};
		8C9D6E1EC06E7F9507767810 /* [CP] Check Pods Manifest.lock */ = {
			isa = PBXShellScriptBuildPhase;
			buildActionMask = 2147483647;
			files = (
			);
			inputFileListPaths = (
			);
			inputPaths = (
				"${PODS_PODFILE_DIR_PATH}/Podfile.lock",
				"${PODS_ROOT}/Manifest.lock",
			);
			name = "[CP] Check Pods Manifest.lock";
			outputFileListPaths = (
			);
			outputPaths = (
				"$(DERIVED_FILE_DIR)/Pods-DemoTests-checkManifestLockResult.txt",
			);
			runOnlyForDeploymentPostprocessing = 0;
			shellPath = /bin/sh;
			shellScript = "diff \"${PODS_PODFILE_DIR_PATH}/Podfile.lock\" \"${PODS_ROOT}/Manifest.lock\" > /dev/null\nif [ $? != 0 ] ; then\n    # print error to STDERR\n    echo \"error: The sandbox is not in sync with the Podfile.lock. Run 'pod install' or update your CocoaPods installation.\" >&2\n    exit 1\nfi\n# This output is used by Xcode 'outputs' to avoid re-running this script phase.\necho \"SUCCESS\" > \"${SCRIPT_OUTPUT_FILE_0}\"\n";
			showEnvVarsInLog = 0;
		};
		F2B0482E80879D37ADC5EC01 /* [CP] Embed Pods Frameworks */ = {
			isa = PBXShellScriptBuildPhase;
			buildActionMask = 2147483647;
			files = (
			);
			inputFileListPaths = (
			);
			inputPaths = (
				"${PODS_ROOT}/Target Support Files/Pods-Demo/Pods-Demo-frameworks.sh",
				"${BUILT_PRODUCTS_DIR}/SnapKit/SnapKit.framework",
				"${BUILT_PRODUCTS_DIR}/VueSwift/VueSwift.framework",
			);
			name = "[CP] Embed Pods Frameworks";
			outputFileListPaths = (
			);
			outputPaths = (
				"${TARGET_BUILD_DIR}/${FRAMEWORKS_FOLDER_PATH}/SnapKit.framework",
				"${TARGET_BUILD_DIR}/${FRAMEWORKS_FOLDER_PATH}/VueSwift.framework",
			);
			runOnlyForDeploymentPostprocessing = 0;
			shellPath = /bin/sh;
			shellScript = "\"${PODS_ROOT}/Target Support Files/Pods-Demo/Pods-Demo-frameworks.sh\"\n";
			showEnvVarsInLog = 0;
		};
/* End PBXShellScriptBuildPhase section */

/* Begin PBXSourcesBuildPhase section */
		18911BB422CB4281007618B0 /* Sources */ = {
			isa = PBXSourcesBuildPhase;
			buildActionMask = 2147483647;
			files = (
				18A3E41422FBEE050010E560 /* JiaoTong.swift in Sources */,
				45985A7622ED49ED00FB19F4 /* CollectionView.swift in Sources */,
				18911BBE22CB4281007618B0 /* ViewController.swift in Sources */,
				18A3E41622FBEE0D0010E560 /* Hotel.swift in Sources */,
				18911BF022CB465A007618B0 /* Url.swift in Sources */,
				18A3E40622FBBF450010E560 /* TableViewController.swift in Sources */,
				45985A7D22ED51C200FB19F4 /* TabHeaderCell.swift in Sources */,
				18C5FE7C22CF4483003C7EEA /* Configuration.swift in Sources */,
				18911C0122CB4DC6007618B0 /* Home.swift in Sources */,
				45985A7F22ED51D200FB19F4 /* TabContentCell.swift in Sources */,
				18A3E40922FBBFBC0010E560 /* SetupCell.swift in Sources */,
				18A3E41822FBEE2B0010E560 /* Tools.swift in Sources */,
				45985A7222ED49C700FB19F4 /* CollectionViewController.swift in Sources */,
				18911BBC22CB4281007618B0 /* AppDelegate.swift in Sources */,
				18A3E3EF22F8112F0010E560 /* DefaultHttp.swift in Sources */,
				45985A7A22ED50BF00FB19F4 /* TabViewController.swift in Sources */,
				18911BF522CB4992007618B0 /* Image.swift in Sources */,
				45985A8122ED885E00FB19F4 /* Menu.swift in Sources */,
				457E3658230ECBE300D14847 /* Alert.swift in Sources */,
				18A3E41022FBEDBB0010E560 /* WaiMai.swift in Sources */,
				45985A8322ED894F00FB19F4 /* MenuData.swift in Sources */,
				18A3E40C22FBC5210010E560 /* MenuCell.swift in Sources */,
				18911C0722CB51DC007618B0 /* BaseNavigationController.swift in Sources */,
				18A3E41B22FBF0770010E560 /* DataContent.swift in Sources */,
				18A3E41222FBEDCC0010E560 /* Shopping.swift in Sources */,
				458F053922D6163300271BB4 /* POST.swift in Sources */,
				18911C0922CB51F6007618B0 /* BaseTabBarController.swift in Sources */,
				18911BF722CB49A1007618B0 /* Color.swift in Sources */,
				18A3E40E22FBEDB20010E560 /* TuiJian.swift in Sources */,
				45985A7822ED4A2400FB19F4 /* Cells.swift in Sources */,
			);
			runOnlyForDeploymentPostprocessing = 0;
		};
		18911BC822CB42A5007618B0 /* Sources */ = {
			isa = PBXSourcesBuildPhase;
			buildActionMask = 2147483647;
			files = (
				18911BD122CB42A5007618B0 /* DemoTests.swift in Sources */,
			);
			runOnlyForDeploymentPostprocessing = 0;
		};
		18911BD322CB42A5007618B0 /* Sources */ = {
			isa = PBXSourcesBuildPhase;
			buildActionMask = 2147483647;
			files = (
				18911BDC22CB42A5007618B0 /* DemoUITests.swift in Sources */,
			);
			runOnlyForDeploymentPostprocessing = 0;
		};
/* End PBXSourcesBuildPhase section */

/* Begin PBXTargetDependency section */
		18911BCE22CB42A5007618B0 /* PBXTargetDependency */ = {
			isa = PBXTargetDependency;
			target = 18911BB722CB4281007618B0 /* Demo */;
			targetProxy = 18911BCD22CB42A5007618B0 /* PBXContainerItemProxy */;
		};
		18911BD922CB42A5007618B0 /* PBXTargetDependency */ = {
			isa = PBXTargetDependency;
			target = 18911BB722CB4281007618B0 /* Demo */;
			targetProxy = 18911BD822CB42A5007618B0 /* PBXContainerItemProxy */;
		};
/* End PBXTargetDependency section */

/* Begin PBXVariantGroup section */
		18911BBF22CB4281007618B0 /* Main.storyboard */ = {
			isa = PBXVariantGroup;
			children = (
				18911BC022CB4281007618B0 /* Base */,
			);
			name = Main.storyboard;
			sourceTree = "<group>";
		};
		18911BC422CB42A5007618B0 /* LaunchScreen.storyboard */ = {
			isa = PBXVariantGroup;
			children = (
				18911BC522CB42A5007618B0 /* Base */,
			);
			name = LaunchScreen.storyboard;
			sourceTree = "<group>";
		};
/* End PBXVariantGroup section */

/* Begin XCBuildConfiguration section */
		18911BDE22CB42A5007618B0 /* Debug */ = {
			isa = XCBuildConfiguration;
			buildSettings = {
				ALWAYS_SEARCH_USER_PATHS = NO;
				CLANG_ANALYZER_NONNULL = YES;
				CLANG_ANALYZER_NUMBER_OBJECT_CONVERSION = YES_AGGRESSIVE;
				CLANG_CXX_LANGUAGE_STANDARD = "gnu++14";
				CLANG_CXX_LIBRARY = "libc++";
				CLANG_ENABLE_MODULES = YES;
				CLANG_ENABLE_OBJC_ARC = YES;
				CLANG_ENABLE_OBJC_WEAK = YES;
				CLANG_WARN_BLOCK_CAPTURE_AUTORELEASING = YES;
				CLANG_WARN_BOOL_CONVERSION = YES;
				CLANG_WARN_COMMA = YES;
				CLANG_WARN_CONSTANT_CONVERSION = YES;
				CLANG_WARN_DEPRECATED_OBJC_IMPLEMENTATIONS = YES;
				CLANG_WARN_DIRECT_OBJC_ISA_USAGE = YES_ERROR;
				CLANG_WARN_DOCUMENTATION_COMMENTS = YES;
				CLANG_WARN_EMPTY_BODY = YES;
				CLANG_WARN_ENUM_CONVERSION = YES;
				CLANG_WARN_INFINITE_RECURSION = YES;
				CLANG_WARN_INT_CONVERSION = YES;
				CLANG_WARN_NON_LITERAL_NULL_CONVERSION = YES;
				CLANG_WARN_OBJC_IMPLICIT_RETAIN_SELF = YES;
				CLANG_WARN_OBJC_LITERAL_CONVERSION = YES;
				CLANG_WARN_OBJC_ROOT_CLASS = YES_ERROR;
				CLANG_WARN_RANGE_LOOP_ANALYSIS = YES;
				CLANG_WARN_STRICT_PROTOTYPES = YES;
				CLANG_WARN_SUSPICIOUS_MOVE = YES;
				CLANG_WARN_UNGUARDED_AVAILABILITY = YES_AGGRESSIVE;
				CLANG_WARN_UNREACHABLE_CODE = YES;
				CLANG_WARN__DUPLICATE_METHOD_MATCH = YES;
				CODE_SIGN_IDENTITY = "iPhone Developer";
				COPY_PHASE_STRIP = NO;
				DEBUG_INFORMATION_FORMAT = dwarf;
				ENABLE_STRICT_OBJC_MSGSEND = YES;
				ENABLE_TESTABILITY = YES;
				GCC_C_LANGUAGE_STANDARD = gnu11;
				GCC_DYNAMIC_NO_PIC = NO;
				GCC_NO_COMMON_BLOCKS = YES;
				GCC_OPTIMIZATION_LEVEL = 0;
				GCC_PREPROCESSOR_DEFINITIONS = (
					"DEBUG=1",
					"$(inherited)",
				);
				GCC_WARN_64_TO_32_BIT_CONVERSION = YES;
				GCC_WARN_ABOUT_RETURN_TYPE = YES_ERROR;
				GCC_WARN_UNDECLARED_SELECTOR = YES;
				GCC_WARN_UNINITIALIZED_AUTOS = YES_AGGRESSIVE;
				GCC_WARN_UNUSED_FUNCTION = YES;
				GCC_WARN_UNUSED_VARIABLE = YES;
				IPHONEOS_DEPLOYMENT_TARGET = 12.1;
				MTL_ENABLE_DEBUG_INFO = INCLUDE_SOURCE;
				MTL_FAST_MATH = YES;
				ONLY_ACTIVE_ARCH = YES;
				SDKROOT = iphoneos;
				SWIFT_ACTIVE_COMPILATION_CONDITIONS = DEBUG;
				SWIFT_OPTIMIZATION_LEVEL = "-Onone";
			};
			name = Debug;
		};
		18911BDF22CB42A5007618B0 /* Release */ = {
			isa = XCBuildConfiguration;
			buildSettings = {
				ALWAYS_SEARCH_USER_PATHS = NO;
				CLANG_ANALYZER_NONNULL = YES;
				CLANG_ANALYZER_NUMBER_OBJECT_CONVERSION = YES_AGGRESSIVE;
				CLANG_CXX_LANGUAGE_STANDARD = "gnu++14";
				CLANG_CXX_LIBRARY = "libc++";
				CLANG_ENABLE_MODULES = YES;
				CLANG_ENABLE_OBJC_ARC = YES;
				CLANG_ENABLE_OBJC_WEAK = YES;
				CLANG_WARN_BLOCK_CAPTURE_AUTORELEASING = YES;
				CLANG_WARN_BOOL_CONVERSION = YES;
				CLANG_WARN_COMMA = YES;
				CLANG_WARN_CONSTANT_CONVERSION = YES;
				CLANG_WARN_DEPRECATED_OBJC_IMPLEMENTATIONS = YES;
				CLANG_WARN_DIRECT_OBJC_ISA_USAGE = YES_ERROR;
				CLANG_WARN_DOCUMENTATION_COMMENTS = YES;
				CLANG_WARN_EMPTY_BODY = YES;
				CLANG_WARN_ENUM_CONVERSION = YES;
				CLANG_WARN_INFINITE_RECURSION = YES;
				CLANG_WARN_INT_CONVERSION = YES;
				CLANG_WARN_NON_LITERAL_NULL_CONVERSION = YES;
				CLANG_WARN_OBJC_IMPLICIT_RETAIN_SELF = YES;
				CLANG_WARN_OBJC_LITERAL_CONVERSION = YES;
				CLANG_WARN_OBJC_ROOT_CLASS = YES_ERROR;
				CLANG_WARN_RANGE_LOOP_ANALYSIS = YES;
				CLANG_WARN_STRICT_PROTOTYPES = YES;
				CLANG_WARN_SUSPICIOUS_MOVE = YES;
				CLANG_WARN_UNGUARDED_AVAILABILITY = YES_AGGRESSIVE;
				CLANG_WARN_UNREACHABLE_CODE = YES;
				CLANG_WARN__DUPLICATE_METHOD_MATCH = YES;
				CODE_SIGN_IDENTITY = "iPhone Developer";
				COPY_PHASE_STRIP = NO;
				DEBUG_INFORMATION_FORMAT = "dwarf-with-dsym";
				ENABLE_NS_ASSERTIONS = NO;
				ENABLE_STRICT_OBJC_MSGSEND = YES;
				GCC_C_LANGUAGE_STANDARD = gnu11;
				GCC_NO_COMMON_BLOCKS = YES;
				GCC_WARN_64_TO_32_BIT_CONVERSION = YES;
				GCC_WARN_ABOUT_RETURN_TYPE = YES_ERROR;
				GCC_WARN_UNDECLARED_SELECTOR = YES;
				GCC_WARN_UNINITIALIZED_AUTOS = YES_AGGRESSIVE;
				GCC_WARN_UNUSED_FUNCTION = YES;
				GCC_WARN_UNUSED_VARIABLE = YES;
				IPHONEOS_DEPLOYMENT_TARGET = 12.1;
				MTL_ENABLE_DEBUG_INFO = NO;
				MTL_FAST_MATH = YES;
				SDKROOT = iphoneos;
				SWIFT_COMPILATION_MODE = wholemodule;
				SWIFT_OPTIMIZATION_LEVEL = "-O";
				VALIDATE_PRODUCT = YES;
			};
			name = Release;
		};
		18911BE122CB42A5007618B0 /* Debug */ = {
			isa = XCBuildConfiguration;
			baseConfigurationReference = A51D0805D8D68588106065A5 /* Pods-Demo.debug.xcconfig */;
			buildSettings = {
				ASSETCATALOG_COMPILER_APPICON_NAME = AppIcon;
				ASSETCATALOG_COMPILER_LAUNCHIMAGE_NAME = LaunchImage;
				CODE_SIGN_IDENTITY = "iPhone Developer";
				CODE_SIGN_STYLE = Automatic;
				DEVELOPMENT_TEAM = XN467W38GQ;
				INFOPLIST_FILE = Demo/Info.plist;
				IPHONEOS_DEPLOYMENT_TARGET = 10.0;
				LD_RUNPATH_SEARCH_PATHS = (
					"$(inherited)",
					"@executable_path/Frameworks",
				);
				PRODUCT_BUNDLE_IDENTIFIER = com.wang.MM;
				PRODUCT_NAME = "$(TARGET_NAME)";
				PROVISIONING_PROFILE_SPECIFIER = "";
				SWIFT_VERSION = 4.2;
				TARGETED_DEVICE_FAMILY = 1;
			};
			name = Debug;
		};
		18911BE222CB42A5007618B0 /* Release */ = {
			isa = XCBuildConfiguration;
			baseConfigurationReference = 5A111DE660BB3C699F05D563 /* Pods-Demo.release.xcconfig */;
			buildSettings = {
				ASSETCATALOG_COMPILER_APPICON_NAME = AppIcon;
				ASSETCATALOG_COMPILER_LAUNCHIMAGE_NAME = LaunchImage;
				CODE_SIGN_IDENTITY = "iPhone Developer";
				CODE_SIGN_STYLE = Automatic;
				DEVELOPMENT_TEAM = XN467W38GQ;
				INFOPLIST_FILE = Demo/Info.plist;
				IPHONEOS_DEPLOYMENT_TARGET = 10.0;
				LD_RUNPATH_SEARCH_PATHS = (
					"$(inherited)",
					"@executable_path/Frameworks",
				);
				PRODUCT_BUNDLE_IDENTIFIER = com.wang.MM;
				PRODUCT_NAME = "$(TARGET_NAME)";
				PROVISIONING_PROFILE_SPECIFIER = "";
				SWIFT_VERSION = 4.2;
				TARGETED_DEVICE_FAMILY = 1;
			};
			name = Release;
		};
		18911BE422CB42A5007618B0 /* Debug */ = {
			isa = XCBuildConfiguration;
			baseConfigurationReference = A3D71031928BA58940D096C6 /* Pods-DemoTests.debug.xcconfig */;
			buildSettings = {
				ALWAYS_EMBED_SWIFT_STANDARD_LIBRARIES = YES;
				BUNDLE_LOADER = "$(TEST_HOST)";
				CODE_SIGN_STYLE = Automatic;
				DEVELOPMENT_TEAM = XN467W38GQ;
				INFOPLIST_FILE = DemoTests/Info.plist;
				LD_RUNPATH_SEARCH_PATHS = (
					"$(inherited)",
					"@executable_path/Frameworks",
					"@loader_path/Frameworks",
				);
				PRODUCT_BUNDLE_IDENTIFIER = com.demo.one.DemoTests;
				PRODUCT_NAME = "$(TARGET_NAME)";
				SWIFT_VERSION = 4.2;
				TARGETED_DEVICE_FAMILY = "1,2";
				TEST_HOST = "$(BUILT_PRODUCTS_DIR)/Demo.app/Demo";
			};
			name = Debug;
		};
		18911BE522CB42A5007618B0 /* Release */ = {
			isa = XCBuildConfiguration;
			baseConfigurationReference = 42A35589383EFA4495DF6002 /* Pods-DemoTests.release.xcconfig */;
			buildSettings = {
				ALWAYS_EMBED_SWIFT_STANDARD_LIBRARIES = YES;
				BUNDLE_LOADER = "$(TEST_HOST)";
				CODE_SIGN_STYLE = Automatic;
				DEVELOPMENT_TEAM = XN467W38GQ;
				INFOPLIST_FILE = DemoTests/Info.plist;
				LD_RUNPATH_SEARCH_PATHS = (
					"$(inherited)",
					"@executable_path/Frameworks",
					"@loader_path/Frameworks",
				);
				PRODUCT_BUNDLE_IDENTIFIER = com.demo.one.DemoTests;
				PRODUCT_NAME = "$(TARGET_NAME)";
				SWIFT_VERSION = 4.2;
				TARGETED_DEVICE_FAMILY = "1,2";
				TEST_HOST = "$(BUILT_PRODUCTS_DIR)/Demo.app/Demo";
			};
			name = Release;
		};
		18911BE722CB42A5007618B0 /* Debug */ = {
			isa = XCBuildConfiguration;
			baseConfigurationReference = CBAF9E6E541537DCCE252C69 /* Pods-DemoUITests.debug.xcconfig */;
			buildSettings = {
				ALWAYS_EMBED_SWIFT_STANDARD_LIBRARIES = YES;
				CODE_SIGN_STYLE = Automatic;
				DEVELOPMENT_TEAM = XN467W38GQ;
				INFOPLIST_FILE = DemoUITests/Info.plist;
				LD_RUNPATH_SEARCH_PATHS = (
					"$(inherited)",
					"@executable_path/Frameworks",
					"@loader_path/Frameworks",
				);
				PRODUCT_BUNDLE_IDENTIFIER = com.demo.one.DemoUITests;
				PRODUCT_NAME = "$(TARGET_NAME)";
				SWIFT_VERSION = 4.2;
				TARGETED_DEVICE_FAMILY = "1,2";
				TEST_TARGET_NAME = Demo;
			};
			name = Debug;
		};
		18911BE822CB42A5007618B0 /* Release */ = {
			isa = XCBuildConfiguration;
			baseConfigurationReference = 6B3527A4D3CA321520E453EF /* Pods-DemoUITests.release.xcconfig */;
			buildSettings = {
				ALWAYS_EMBED_SWIFT_STANDARD_LIBRARIES = YES;
				CODE_SIGN_STYLE = Automatic;
				DEVELOPMENT_TEAM = XN467W38GQ;
				INFOPLIST_FILE = DemoUITests/Info.plist;
				LD_RUNPATH_SEARCH_PATHS = (
					"$(inherited)",
					"@executable_path/Frameworks",
					"@loader_path/Frameworks",
				);
				PRODUCT_BUNDLE_IDENTIFIER = com.demo.one.DemoUITests;
				PRODUCT_NAME = "$(TARGET_NAME)";
				SWIFT_VERSION = 4.2;
				TARGETED_DEVICE_FAMILY = "1,2";
				TEST_TARGET_NAME = Demo;
			};
			name = Release;
		};
/* End XCBuildConfiguration section */

/* Begin XCConfigurationList section */
		18911BB322CB4281007618B0 /* Build configuration list for PBXProject "Demo" */ = {
			isa = XCConfigurationList;
			buildConfigurations = (
				18911BDE22CB42A5007618B0 /* Debug */,
				18911BDF22CB42A5007618B0 /* Release */,
			);
			defaultConfigurationIsVisible = 0;
			defaultConfigurationName = Release;
		};
		18911BE022CB42A5007618B0 /* Build configuration list for PBXNativeTarget "Demo" */ = {
			isa = XCConfigurationList;
			buildConfigurations = (
				18911BE122CB42A5007618B0 /* Debug */,
				18911BE222CB42A5007618B0 /* Release */,
			);
			defaultConfigurationIsVisible = 0;
			defaultConfigurationName = Release;
		};
		18911BE322CB42A5007618B0 /* Build configuration list for PBXNativeTarget "DemoTests" */ = {
			isa = XCConfigurationList;
			buildConfigurations = (
				18911BE422CB42A5007618B0 /* Debug */,
				18911BE522CB42A5007618B0 /* Release */,
			);
			defaultConfigurationIsVisible = 0;
			defaultConfigurationName = Release;
		};
		18911BE622CB42A5007618B0 /* Build configuration list for PBXNativeTarget "DemoUITests" */ = {
			isa = XCConfigurationList;
			buildConfigurations = (
				18911BE722CB42A5007618B0 /* Debug */,
				18911BE822CB42A5007618B0 /* Release */,
			);
			defaultConfigurationIsVisible = 0;
			defaultConfigurationName = Release;
		};
/* End XCConfigurationList section */
	};
	rootObject = 18911BB022CB4281007618B0 /* Project object */;
}
